
Microsoft Visual Studio Solution File, Format Version 12.00
# Visual Studio 2012
Project("{FAE04EC0-301F-11D3-BF4B-00C04F79EFBC}") = "AudioTest", "AudioTest\AudioTest.csproj", "{5D9C99A4-3D62-4C10-9B39-54D07D0B6F64}"
EndProject
Project("{FAE04EC0-301F-11D3-BF4B-00C04F79EFBC}") = "AudioTest.iOS", "iOS\AudioTest.iOS.csproj", "{9AA446B7-382E-4EDC-B36E-BDB0E0A8AD5D}"
EndProject
Project("{FAE04EC0-301F-11D3-BF4B-00C04F79EFBC}") = "AudioTest.Droid", "Droid\AudioTest.Droid.csproj", "{C3886023-C808-4EEE-8C26-F0A50DD532A7}"
EndProject
Global
	GlobalSection(SolutionConfigurationPlatforms) = preSolution
		Debug|Any CPU = Debug|Any CPU
		Release|Any CPU = Release|Any CPU
		Debug|iPhoneSimulator = Debug|iPhoneSimulator
		Release|iPhone = Release|iPhone
		Release|iPhoneSimulator = Release|iPhoneSimulator
		Debug|iPhone = Debug|iPhone
	EndGlobalSection
	GlobalSection(ProjectConfigurationPlatforms) = postSolution
		{5D9C99A4-3D62-4C10-9B39-54D07D0B6F64}.Debug|Any CPU.ActiveCfg = Debug|Any CPU
		{5D9C99A4-3D62-4C10-9B39-54D07D0B6F64}.Debug|Any CPU.Build.0 = Debug|Any CPU
		{5D9C99A4-3D62-4C10-9B39-54D07D0B6F64}.Release|Any CPU.ActiveCfg = Release|Any CPU
		{5D9C99A4-3D62-4C10-9B39-54D07D0B6F64}.Release|Any CPU.Build.0 = Release|Any CPU
		{5D9C99A4-3D62-4C10-9B39-54D07D0B6F64}.Debug|iPhoneSimulator.ActiveCfg = Debug|Any CPU
		{5D9C99A4-3D62-4C10-9B39-54D07D0B6F64}.Debug|iPhoneSimulator.Build.0 = Debug|Any CPU
		{5D9C99A4-3D62-4C10-9B39-54D07D0B6F64}.Release|iPhone.ActiveCfg = Release|Any CPU
		{5D9C99A4-3D62-4C10-9B39-54D07D0B6F64}.Release|iPhone.Build.0 = Release|Any CPU
		{5D9C99A4-3D62-4C10-9B39-54D07D0B6F64}.Release|iPhoneSimulator.ActiveCfg = Release|Any CPU
		{5D9C99A4-3D62-4C10-9B39-54D07D0B6F64}.Release|iPhoneSimulator.Build.0 = Release|Any CPU
		{5D9C99A4-3D62-4C10-9B39-54D07D0B6F64}.Debug|iPhone.ActiveCfg = Debug|Any CPU
		{5D9C99A4-3D62-4C10-9B39-54D07D0B6F64}.Debug|iPhone.Build.0 = Debug|Any CPU
		{9AA446B7-382E-4EDC-B36E-BDB0E0A8AD5D}.Debug|Any CPU.ActiveCfg = Debug|iPhoneSimulator
		{9AA446B7-382E-4EDC-B36E-BDB0E0A8AD5D}.Debug|Any CPU.Build.0 = Debug|iPhoneSimulator
		{9AA446B7-382E-4EDC-B36E-BDB0E0A8AD5D}.Release|Any CPU.ActiveCfg = Release|iPhone
		{9AA446B7-382E-4EDC-B36E-BDB0E0A8AD5D}.Release|Any CPU.Build.0 = Release|iPhone
		{9AA446B7-382E-4EDC-B36E-BDB0E0A8AD5D}.Debug|iPhoneSimulator.ActiveCfg = Debug|iPhoneSimulator
		{9AA446B7-382E-4EDC-B36E-BDB0E0A8AD5D}.Debug|iPhoneSimulator.Build.0 = Debug|iPhoneSimulator
		{9AA446B7-382E-4EDC-B36E-BDB0E0A8AD5D}.Release|iPhone.ActiveCfg = Release|iPhone
		{9AA446B7-382E-4EDC-B36E-BDB0E0A8AD5D}.Release|iPhone.Build.0 = Release|iPhone
		{9AA446B7-382E-4EDC-B36E-BDB0E0A8AD5D}.Release|iPhoneSimulator.ActiveCfg = Release|iPhoneSimulator
		{9AA446B7-382E-4EDC-B36E-BDB0E0A8AD5D}.Release|iPhoneSimulator.Build.0 = Release|iPhoneSimulator
		{9AA446B7-382E-4EDC-B36E-BDB0E0A8AD5D}.Debug|iPhone.ActiveCfg = Debug|iPhone
		{9AA446B7-382E-4EDC-B36E-BDB0E0A8AD5D}.Debug|iPhone.Build.0 = Debug|iPhone
		{C3886023-C808-4EEE-8C26-F0A50DD532A7}.Debug|Any CPU.ActiveCfg = Debug|Any CPU
		{C3886023-C808-4EEE-8C26-F0A50DD532A7}.Debug|Any CPU.Build.0 = Debug|Any CPU
		{C3886023-C808-4EEE-8C26-F0A50DD532A7}.Release|Any CPU.ActiveCfg = Release|Any CPU
		{C3886023-C808-4EEE-8C26-F0A50DD532A7}.Release|Any CPU.Build.0 = Release|Any CPU
		{C3886023-C808-4EEE-8C26-F0A50DD532A7}.Debug|iPhoneSimulator.ActiveCfg = Debug|Any CPU
		{C3886023-C808-4EEE-8C26-F0A50DD532A7}.Debug|iPhoneSimulator.Build.0 = Debug|Any CPU
		{C3886023-C808-4EEE-8C26-F0A50DD532A7}.Release|iPhone.ActiveCfg = Release|Any CPU
		{C3886023-C808-4EEE-8C26-F0A50DD532A7}.Release|iPhone.Build.0 = Release|Any CPU
		{C3886023-C808-4EEE-8C26-F0A50DD532A7}.Release|iPhoneSimulator.ActiveCfg = Release|Any CPU
		{C3886023-C808-4EEE-8C26-F0A50DD532A7}.Release|iPhoneSimulator.Build.0 = Release|Any CPU
		{C3886023-C808-4EEE-8C26-F0A50DD532A7}.Debug|iPhone.ActiveCfg = Debug|Any CPU
		{C3886023-C808-4EEE-8C26-F0A50DD532A7}.Debug|iPhone.Build.0 = Debug|Any CPU
	EndGlobalSection
EndGlobal
